
Microsoft Visual Studio Solution File, Format Version 12.00
# Visual Studio Version 16
VisualStudioVersion = 16.0.30517.126
MinimumVisualStudioVersion = 10.0.40219.1
Project("{FAE04EC0-301F-11D3-BF4B-00C04F79EFBC}") = "AnimalKingdom", "AnimalKingdom\AnimalKingdom.csproj", "{588B9078-1ADD-4F03-85D1-A9BCE12860D0}"
EndProject
Global
	GlobalSection(SolutionConfigurationPlatforms) = preSolution
		Debug|Any CPU = Debug|Any CPU
		Release|Any CPU = Release|Any CPU
	EndGlobalSection
	GlobalSection(ProjectConfigurationPlatforms) = postSolution
		{588B9078-1ADD-4F03-85D1-A9BCE12860D0}.Debug|Any CPU.ActiveCfg = Debug|Any CPU
		{588B9078-1ADD-4F03-85D1-A9BCE12860D0}.Debug|Any CPU.Build.0 = Debug|Any CPU
		{588B9078-1ADD-4F03-85D1-A9BCE12860D0}.Release|Any CPU.ActiveCfg = Release|Any CPU
		{588B9078-1ADD-4F03-85D1-A9BCE12860D0}.Release|Any CPU.Build.0 = Release|Any CPU
	EndGlobalSection
	GlobalSection(SolutionProperties) = preSolution
		HideSolutionNode = FALSE
	EndGlobalSection
	GlobalSection(ExtensibilityGlobals) = postSolution
		SolutionGuid = {803FDD4B-B326-4AD9-88BF-1B4B1932DC7A}
	EndGlobalSection
EndGlobal
